// !$*UTF8*$!
{
	archiveVersion = 1;
	classes = {
	};
	objectVersion = 46;
	objects = {

/* Begin PBXBuildFile section */
		1F764CE61C98F55D00E539D1 /* Shader.swift in Sources */ = {isa = PBXBuildFile; fileRef = 1F764CE51C98F55D00E539D1 /* Shader.swift */; };
		1F764CE81C98FAC800E539D1 /* SJRenderView.swift in Sources */ = {isa = PBXBuildFile; fileRef = 1F764CE71C98FAC800E539D1 /* SJRenderView.swift */; };
		1F764CED1C99589300E539D1 /* Node.swift in Sources */ = {isa = PBXBuildFile; fileRef = 1F764CEC1C99589300E539D1 /* Node.swift */; };
		1F764CEF1C9958A800E539D1 /* Triangle.swift in Sources */ = {isa = PBXBuildFile; fileRef = 1F764CEE1C9958A800E539D1 /* Triangle.swift */; };
		1F764CF21C9958D900E539D1 /* Extensions.swift in Sources */ = {isa = PBXBuildFile; fileRef = 1F764CF11C9958D900E539D1 /* Extensions.swift */; };
		1FB2AE621C9550BE00CDA615 /* AppDelegate.swift in Sources */ = {isa = PBXBuildFile; fileRef = 1FB2AE611C9550BE00CDA615 /* AppDelegate.swift */; };
		1FB2AE641C9550BE00CDA615 /* ViewController.swift in Sources */ = {isa = PBXBuildFile; fileRef = 1FB2AE631C9550BE00CDA615 /* ViewController.swift */; };
		1FB2AE671C9550BE00CDA615 /* Main.storyboard in Resources */ = {isa = PBXBuildFile; fileRef = 1FB2AE651C9550BE00CDA615 /* Main.storyboard */; };
		1FB2AE691C9550BE00CDA615 /* Assets.xcassets in Resources */ = {isa = PBXBuildFile; fileRef = 1FB2AE681C9550BE00CDA615 /* Assets.xcassets */; };
		1FB2AE6C1C9550BE00CDA615 /* LaunchScreen.storyboard in Resources */ = {isa = PBXBuildFile; fileRef = 1FB2AE6A1C9550BE00CDA615 /* LaunchScreen.storyboard */; };
		1FB2AE741C95512100CDA615 /* Metal.framework in Frameworks */ = {isa = PBXBuildFile; fileRef = 1FB2AE731C95512100CDA615 /* Metal.framework */; };
		1FB2AE761C9555FC00CDA615 /* Shader.metal in Sources */ = {isa = PBXBuildFile; fileRef = 1FB2AE751C9555FC00CDA615 /* Shader.metal */; };
		1FCBFAD81C9569C800D4425A /* Matrix4.m in Sources */ = {isa = PBXBuildFile; fileRef = 1FCBFAD71C9569C800D4425A /* Matrix4.m */; };
/* End PBXBuildFile section */

/* Begin PBXFileReference section */
		1F764CE51C98F55D00E539D1 /* Shader.swift */ = {isa = PBXFileReference; fileEncoding = 4; lastKnownFileType = sourcecode.swift; path = Shader.swift; sourceTree = "<group>"; };
		1F764CE71C98FAC800E539D1 /* SJRenderView.swift */ = {isa = PBXFileReference; fileEncoding = 4; lastKnownFileType = sourcecode.swift; path = SJRenderView.swift; sourceTree = "<group>"; };
		1F764CEC1C99589300E539D1 /* Node.swift */ = {isa = PBXFileReference; fileEncoding = 4; lastKnownFileType = sourcecode.swift; path = Node.swift; sourceTree = "<group>"; };
		1F764CEE1C9958A800E539D1 /* Triangle.swift */ = {isa = PBXFileReference; fileEncoding = 4; lastKnownFileType = sourcecode.swift; path = Triangle.swift; sourceTree = "<group>"; };
		1F764CF11C9958D900E539D1 /* Extensions.swift */ = {isa = PBXFileReference; fileEncoding = 4; lastKnownFileType = sourcecode.swift; path = Extensions.swift; sourceTree = "<group>"; };
		1FB2AE5E1C9550BE00CDA615 /* Learning Metal.app */ = {isa = PBXFileReference; explicitFileType = wrapper.application; includeInIndex = 0; path = "Learning Metal.app"; sourceTree = BUILT_PRODUCTS_DIR; };
		1FB2AE611C9550BE00CDA615 /* AppDelegate.swift */ = {isa = PBXFileReference; lastKnownFileType = sourcecode.swift; path = AppDelegate.swift; sourceTree = "<group>"; };
		1FB2AE631C9550BE00CDA615 /* ViewController.swift */ = {isa = PBXFileReference; lastKnownFileType = sourcecode.swift; path = ViewController.swift; sourceTree = "<group>"; };
		1FB2AE661C9550BE00CDA615 /* Base */ = {isa = PBXFileReference; lastKnownFileType = file.storyboard; name = Base; path = Base.lproj/Main.storyboard; sourceTree = "<group>"; };
		1FB2AE681C9550BE00CDA615 /* Assets.xcassets */ = {isa = PBXFileReference; lastKnownFileType = folder.assetcatalog; path = Assets.xcassets; sourceTree = "<group>"; };
		1FB2AE6B1C9550BE00CDA615 /* Base */ = {isa = PBXFileReference; lastKnownFileType = file.storyboard; name = Base; path = Base.lproj/LaunchScreen.storyboard; sourceTree = "<group>"; };
		1FB2AE6D1C9550BE00CDA615 /* Info.plist */ = {isa = PBXFileReference; lastKnownFileType = text.plist.xml; path = Info.plist; sourceTree = "<group>"; };
		1FB2AE731C95512100CDA615 /* Metal.framework */ = {isa = PBXFileReference; lastKnownFileType = wrapper.framework; name = Metal.framework; path = System/Library/Frameworks/Metal.framework; sourceTree = SDKROOT; };
		1FB2AE751C9555FC00CDA615 /* Shader.metal */ = {isa = PBXFileReference; fileEncoding = 4; lastKnownFileType = sourcecode.metal; path = Shader.metal; sourceTree = "<group>"; };
		1FCBFAD51C9569C700D4425A /* Learning Metal-Bridging-Header.h */ = {isa = PBXFileReference; lastKnownFileType = sourcecode.c.h; path = "Learning Metal-Bridging-Header.h"; sourceTree = "<group>"; };
		1FCBFAD61C9569C800D4425A /* Matrix4.h */ = {isa = PBXFileReference; fileEncoding = 4; lastKnownFileType = sourcecode.c.h; path = Matrix4.h; sourceTree = "<group>"; };
		1FCBFAD71C9569C800D4425A /* Matrix4.m */ = {isa = PBXFileReference; fileEncoding = 4; lastKnownFileType = sourcecode.c.objc; path = Matrix4.m; sourceTree = "<group>"; };
/* End PBXFileReference section */

/* Begin PBXFrameworksBuildPhase section */
		1FB2AE5B1C9550BE00CDA615 /* Frameworks */ = {
			isa = PBXFrameworksBuildPhase;
			buildActionMask = 2147483647;
			files = (
				1FB2AE741C95512100CDA615 /* Metal.framework in Frameworks */,
			);
			runOnlyForDeploymentPostprocessing = 0;
		};
/* End PBXFrameworksBuildPhase section */

/* Begin PBXGroup section */
		1F764CE91C98FCCD00E539D1 /* Math */ = {
			isa = PBXGroup;
			children = (
				1FCBFAD61C9569C800D4425A /* Matrix4.h */,
				1FCBFAD71C9569C800D4425A /* Matrix4.m */,
			);
			name = Math;
			sourceTree = "<group>";
		};
		1F764CEA1C98FCD700E539D1 /* Supporting Files */ = {
			isa = PBXGroup;
			children = (
				1FB2AE611C9550BE00CDA615 /* AppDelegate.swift */,
				1FB2AE651C9550BE00CDA615 /* Main.storyboard */,
				1FB2AE681C9550BE00CDA615 /* Assets.xcassets */,
				1FB2AE6A1C9550BE00CDA615 /* LaunchScreen.storyboard */,
				1FB2AE6D1C9550BE00CDA615 /* Info.plist */,
				1FCBFAD51C9569C700D4425A /* Learning Metal-Bridging-Header.h */,
			);
			name = "Supporting Files";
			sourceTree = "<group>";
		};
		1F764CEB1C99004800E539D1 /* Frameworks */ = {
			isa = PBXGroup;
			children = (
				1FB2AE731C95512100CDA615 /* Metal.framework */,
			);
			name = Frameworks;
			sourceTree = "<group>";
		};
		1F764CF01C9958C700E539D1 /* Data */ = {
			isa = PBXGroup;
			children = (
				1F764CEC1C99589300E539D1 /* Node.swift */,
				1F764CEE1C9958A800E539D1 /* Triangle.swift */,
			);
			name = Data;
			sourceTree = "<group>";
		};
		1F764CF31C9958F200E539D1 /* Shader */ = {
			isa = PBXGroup;
			children = (
				1FB2AE751C9555FC00CDA615 /* Shader.metal */,
			);
			name = Shader;
			sourceTree = "<group>";
		};
		1F764CF41C99619200E539D1 /* App */ = {
			isa = PBXGroup;
			children = (
				1FB2AE631C9550BE00CDA615 /* ViewController.swift */,
				1F764CE71C98FAC800E539D1 /* SJRenderView.swift */,
				1F764CE51C98F55D00E539D1 /* Shader.swift */,
				1F764CF11C9958D900E539D1 /* Extensions.swift */,
			);
			name = App;
			sourceTree = "<group>";
		};
		1FB2AE551C9550BE00CDA615 = {
			isa = PBXGroup;
			children = (
				1F764CEB1C99004800E539D1 /* Frameworks */,
				1FB2AE601C9550BE00CDA615 /* Learning Metal */,
				1FB2AE5F1C9550BE00CDA615 /* Products */,
			);
			sourceTree = "<group>";
		};
		1FB2AE5F1C9550BE00CDA615 /* Products */ = {
			isa = PBXGroup;
			children = (
				1FB2AE5E1C9550BE00CDA615 /* Learning Metal.app */,
			);
			name = Products;
			sourceTree = "<group>";
		};
		1FB2AE601C9550BE00CDA615 /* Learning Metal */ = {
			isa = PBXGroup;
			children = (
				1F764CE91C98FCCD00E539D1 /* Math */,
				1F764CF41C99619200E539D1 /* App */,
				1F764CF01C9958C700E539D1 /* Data */,
				1F764CF31C9958F200E539D1 /* Shader */,
				1F764CEA1C98FCD700E539D1 /* Supporting Files */,
			);
			path = "Learning Metal";
			sourceTree = "<group>";
		};
/* End PBXGroup section */

/* Begin PBXNativeTarget section */
		1FB2AE5D1C9550BE00CDA615 /* Learning Metal */ = {
			isa = PBXNativeTarget;
			buildConfigurationList = 1FB2AE701C9550BE00CDA615 /* Build configuration list for PBXNativeTarget "Learning Metal" */;
			buildPhases = (
				1FB2AE5A1C9550BE00CDA615 /* Sources */,
				1FB2AE5B1C9550BE00CDA615 /* Frameworks */,
				1FB2AE5C1C9550BE00CDA615 /* Resources */,
			);
			buildRules = (
			);
			dependencies = (
			);
			name = "Learning Metal";
			productName = "Learning Metal";
			productReference = 1FB2AE5E1C9550BE00CDA615 /* Learning Metal.app */;
			productType = "com.apple.product-type.application";
		};
/* End PBXNativeTarget section */

/* Begin PBXProject section */
		1FB2AE561C9550BE00CDA615 /* Project object */ = {
			isa = PBXProject;
			attributes = {
				LastSwiftUpdateCheck = 0720;
				LastUpgradeCheck = 0720;
				ORGANIZATIONNAME = "Saurabh Jain";
				TargetAttributes = {
					1FB2AE5D1C9550BE00CDA615 = {
						CreatedOnToolsVersion = 7.2.1;
					};
				};
			};
			buildConfigurationList = 1FB2AE591C9550BE00CDA615 /* Build configuration list for PBXProject "Learning Metal" */;
			compatibilityVersion = "Xcode 3.2";
			developmentRegion = English;
			hasScannedForEncodings = 0;
			knownRegions = (
				en,
				Base,
			);
			mainGroup = 1FB2AE551C9550BE00CDA615;
			productRefGroup = 1FB2AE5F1C9550BE00CDA615 /* Products */;
			projectDirPath = "";
			projectRoot = "";
			targets = (
				1FB2AE5D1C9550BE00CDA615 /* Learning Metal */,
			);
		};
/* End PBXProject section */

/* Begin PBXResourcesBuildPhase section */
		1FB2AE5C1C9550BE00CDA615 /* Resources */ = {
			isa = PBXResourcesBuildPhase;
			buildActionMask = 2147483647;
			files = (
				1FB2AE6C1C9550BE00CDA615 /* LaunchScreen.storyboard in Resources */,
				1FB2AE691C9550BE00CDA615 /* Assets.xcassets in Resources */,
				1FB2AE671C9550BE00CDA615 /* Main.storyboard in Resources */,
			);
			runOnlyForDeploymentPostprocessing = 0;
		};
/* End PBXResourcesBuildPhase section */

/* Begin PBXSourcesBuildPhase section */
		1FB2AE5A1C9550BE00CDA615 /* Sources */ = {
			isa = PBXSourcesBuildPhase;
			buildActionMask = 2147483647;
			files = (
				1FB2AE641C9550BE00CDA615 /* ViewController.swift in Sources */,
				1F764CF21C9958D900E539D1 /* Extensions.swift in Sources */,
				1F764CE81C98FAC800E539D1 /* SJRenderView.swift in Sources */,
				1FCBFAD81C9569C800D4425A /* Matrix4.m in Sources */,
				1FB2AE621C9550BE00CDA615 /* AppDelegate.swift in Sources */,
				1FB2AE761C9555FC00CDA615 /* Shader.metal in Sources */,
				1F764CE61C98F55D00E539D1 /* Shader.swift in Sources */,
				1F764CED1C99589300E539D1 /* Node.swift in Sources */,
				1F764CEF1C9958A800E539D1 /* Triangle.swift in Sources */,
			);
			runOnlyForDeploymentPostprocessing = 0;
		};
/* End PBXSourcesBuildPhase section */

/* Begin PBXVariantGroup section */
		1FB2AE651C9550BE00CDA615 /* Main.storyboard */ = {
			isa = PBXVariantGroup;
			children = (
				1FB2AE661C9550BE00CDA615 /* Base */,
			);
			name = Main.storyboard;
			sourceTree = "<group>";
		};
		1FB2AE6A1C9550BE00CDA615 /* LaunchScreen.storyboard */ = {
			isa = PBXVariantGroup;
			children = (
				1FB2AE6B1C9550BE00CDA615 /* Base */,
			);
			name = LaunchScreen.storyboard;
			sourceTree = "<group>";
		};
/* End PBXVariantGroup section */

/* Begin XCBuildConfiguration section */
		1FB2AE6E1C9550BE00CDA615 /* Debug */ = {
			isa = XCBuildConfiguration;
			buildSettings = {
				ALWAYS_SEARCH_USER_PATHS = NO;
				CLANG_CXX_LANGUAGE_STANDARD = "gnu++0x";
				CLANG_CXX_LIBRARY = "libc++";
				CLANG_ENABLE_MODULES = YES;
				CLANG_ENABLE_OBJC_ARC = YES;
				CLANG_WARN_BOOL_CONVERSION = YES;
				CLANG_WARN_CONSTANT_CONVERSION = YES;
				CLANG_WARN_DIRECT_OBJC_ISA_USAGE = YES_ERROR;
				CLANG_WARN_EMPTY_BODY = YES;
				CLANG_WARN_ENUM_CONVERSION = YES;
				CLANG_WARN_INT_CONVERSION = YES;
				CLANG_WARN_OBJC_ROOT_CLASS = YES_ERROR;
				CLANG_WARN_UNREACHABLE_CODE = YES;
				CLANG_WARN__DUPLICATE_METHOD_MATCH = YES;
				"CODE_SIGN_IDENTITY[sdk=iphoneos*]" = "iPhone Developer";
				COPY_PHASE_STRIP = NO;
				DEBUG_INFORMATION_FORMAT = dwarf;
				ENABLE_STRICT_OBJC_MSGSEND = YES;
				ENABLE_TESTABILITY = YES;
				GCC_C_LANGUAGE_STANDARD = gnu99;
				GCC_DYNAMIC_NO_PIC = NO;
				GCC_NO_COMMON_BLOCKS = YES;
				GCC_OPTIMIZATION_LEVEL = 0;
				GCC_PREPROCESSOR_DEFINITIONS = (
					"DEBUG=1",
					"$(inherited)",
				);
				GCC_WARN_64_TO_32_BIT_CONVERSION = YES;
				GCC_WARN_ABOUT_RETURN_TYPE = YES_ERROR;
				GCC_WARN_UNDECLARED_SELECTOR = YES;
				GCC_WARN_UNINITIALIZED_AUTOS = YES_AGGRESSIVE;
				GCC_WARN_UNUSED_FUNCTION = YES;
				GCC_WARN_UNUSED_VARIABLE = YES;
				IPHONEOS_DEPLOYMENT_TARGET = 9.2;
				MTL_ENABLE_DEBUG_INFO = YES;
				ONLY_ACTIVE_ARCH = YES;
				SDKROOT = iphoneos;
				SWIFT_OPTIMIZATION_LEVEL = "-Onone";
				TARGETED_DEVICE_FAMILY = "1,2";
			};
			name = Debug;
		};
		1FB2AE6F1C9550BE00CDA615 /* Release */ = {
			isa = XCBuildConfiguration;
			buildSettings = {
				ALWAYS_SEARCH_USER_PATHS = NO;
				CLANG_CXX_LANGUAGE_STANDARD = "gnu++0x";
				CLANG_CXX_LIBRARY = "libc++";
				CLANG_ENABLE_MODULES = YES;
				CLANG_ENABLE_OBJC_ARC = YES;
				CLANG_WARN_BOOL_CONVERSION = YES;
				CLANG_WARN_CONSTANT_CONVERSION = YES;
				CLANG_WARN_DIRECT_OBJC_ISA_USAGE = YES_ERROR;
				CLANG_WARN_EMPTY_BODY = YES;
				CLANG_WARN_ENUM_CONVERSION = YES;
				CLANG_WARN_INT_CONVERSION = YES;
				CLANG_WARN_OBJC_ROOT_CLASS = YES_ERROR;
				CLANG_WARN_UNREACHABLE_CODE = YES;
				CLANG_WARN__DUPLICATE_METHOD_MATCH = YES;
				"CODE_SIGN_IDENTITY[sdk=iphoneos*]" = "iPhone Developer";
				COPY_PHASE_STRIP = NO;
				DEBUG_INFORMATION_FORMAT = "dwarf-with-dsym";
				ENABLE_NS_ASSERTIONS = NO;
				ENABLE_STRICT_OBJC_MSGSEND = YES;
				GCC_C_LANGUAGE_STANDARD = gnu99;
				GCC_NO_COMMON_BLOCKS = YES;
				GCC_WARN_64_TO_32_BIT_CONVERSION = YES;
				GCC_WARN_ABOUT_RETURN_TYPE = YES_ERROR;
				GCC_WARN_UNDECLARED_SELECTOR = YES;
				GCC_WARN_UNINITIALIZED_AUTOS = YES_AGGRESSIVE;
				GCC_WARN_UNUSED_FUNCTION = YES;
				GCC_WARN_UNUSED_VARIABLE = YES;
				IPHONEOS_DEPLOYMENT_TARGET = 9.2;
				MTL_ENABLE_DEBUG_INFO = NO;
				SDKROOT = iphoneos;
				TARGETED_DEVICE_FAMILY = "1,2";
				VALIDATE_PRODUCT = YES;
			};
			name = Release;
		};
		1FB2AE711C9550BE00CDA615 /* Debug */ = {
			isa = XCBuildConfiguration;
			buildSettings = {
				ASSETCATALOG_COMPILER_APPICON_NAME = AppIcon;
				CLANG_ENABLE_MODULES = YES;
				INFOPLIST_FILE = "Learning Metal/Info.plist";
				LD_RUNPATH_SEARCH_PATHS = "$(inherited) @executable_path/Frameworks";
				PRODUCT_BUNDLE_IDENTIFIER = "self.edu.Learning-Metal";
				PRODUCT_NAME = "$(TARGET_NAME)";
				SWIFT_OBJC_BRIDGING_HEADER = "Learning Metal/Learning Metal-Bridging-Header.h";
				SWIFT_OPTIMIZATION_LEVEL = "-Onone";
			};
			name = Debug;
		};
		1FB2AE721C9550BE00CDA615 /* Release */ = {
			isa = XCBuildConfiguration;
			buildSettings = {
				ASSETCATALOG_COMPILER_APPICON_NAME = AppIcon;
				CLANG_ENABLE_MODULES = YES;
				INFOPLIST_FILE = "Learning Metal/Info.plist";
				LD_RUNPATH_SEARCH_PATHS = "$(inherited) @executable_path/Frameworks";
				PRODUCT_BUNDLE_IDENTIFIER = "self.edu.Learning-Metal";
				PRODUCT_NAME = "$(TARGET_NAME)";
				SWIFT_OBJC_BRIDGING_HEADER = "Learning Metal/Learning Metal-Bridging-Header.h";
			};
			name = Release;
		};
/* End XCBuildConfiguration section */

/* Begin XCConfigurationList section */
		1FB2AE591C9550BE00CDA615 /* Build configuration list for PBXProject "Learning Metal" */ = {
			isa = XCConfigurationList;
			buildConfigurations = (
				1FB2AE6E1C9550BE00CDA615 /* Debug */,
				1FB2AE6F1C9550BE00CDA615 /* Release */,
			);
			defaultConfigurationIsVisible = 0;
			defaultConfigurationName = Release;
		};
		1FB2AE701C9550BE00CDA615 /* Build configuration list for PBXNativeTarget "Learning Metal" */ = {
			isa = XCConfigurationList;
			buildConfigurations = (
				1FB2AE711C9550BE00CDA615 /* Debug */,
				1FB2AE721C9550BE00CDA615 /* Release */,
			);
			defaultConfigurationIsVisible = 0;
			defaultConfigurationName = Release;
		};
/* End XCConfigurationList section */
	};
	rootObject = 1FB2AE561C9550BE00CDA615 /* Project object */;
}
